
Microsoft Visual Studio Solution File, Format Version 12.00
# Visual Studio Version 17
VisualStudioVersion = 17.5.002.0
MinimumVisualStudioVersion = 10.0.40219.1
Project("{9A19103F-16F7-4668-BE54-9A1E7A4F7556}") = "laundrosnap-server", "laundrosnap-server\laundrosnap-server.csproj", "{13A30B57-7228-40F5-B143-4CD6CF83106F}"
EndProject
Global
	GlobalSection(SolutionConfigurationPlatforms) = preSolution
		Debug|Any CPU = Debug|Any CPU
		Release|Any CPU = Release|Any CPU
	EndGlobalSection
	GlobalSection(ProjectConfigurationPlatforms) = postSolution
		{13A30B57-7228-40F5-B143-4CD6CF83106F}.Debug|Any CPU.ActiveCfg = Debug|Any CPU
		{13A30B57-7228-40F5-B143-4CD6CF83106F}.Debug|Any CPU.Build.0 = Debug|Any CPU
		{13A30B57-7228-40F5-B143-4CD6CF83106F}.Release|Any CPU.ActiveCfg = Release|Any CPU
		{13A30B57-7228-40F5-B143-4CD6CF83106F}.Release|Any CPU.Build.0 = Release|Any CPU
	EndGlobalSection
	GlobalSection(SolutionProperties) = preSolution
		HideSolutionNode = FALSE
	EndGlobalSection
	GlobalSection(ExtensibilityGlobals) = postSolution
		SolutionGuid = {9E8EEFC4-DC29-4888-8626-1BE4A6904FFD}
	EndGlobalSection
EndGlobal
